
Microsoft Visual Studio Solution File, Format Version 11.00
# Visual Studio 2010
Project("{8BC9CEB8-8B4A-11D0-8D11-00A0C91BC942}") = "ConfigTool", "ConfigTool\ConfigTool.vcxproj", "{1BB0FE36-3132-4E73-9806-EB50229E7479}"
EndProject
Global
	GlobalSection(SolutionConfigurationPlatforms) = preSolution
		Debug|Win32 = Debug|Win32
		Release|Win32 = Release|Win32
	EndGlobalSection
	GlobalSection(ProjectConfigurationPlatforms) = postSolution
		{1BB0FE36-3132-4E73-9806-EB50229E7479}.Debug|Win32.ActiveCfg = Debug|Win32
		{1BB0FE36-3132-4E73-9806-EB50229E7479}.Debug|Win32.Build.0 = Debug|Win32
		{1BB0FE36-3132-4E73-9806-EB50229E7479}.Release|Win32.ActiveCfg = Release|Win32
		{1BB0FE36-3132-4E73-9806-EB50229E7479}.Release|Win32.Build.0 = Release|Win32
	EndGlobalSection
	GlobalSection(SolutionProperties) = preSolution
		HideSolutionNode = FALSE
	EndGlobalSection
EndGlobal
