<?xml version="1.0" encoding="utf-8"?>
<Project ToolsVersion="4.0" xmlns="http://schemas.microsoft.com/developer/msbuild/2003">
  <ItemGroup>
    <Filter Include="源文件">
      <UniqueIdentifier>{4FC737F1-C7A5-4376-A066-2A32D752A2FF}</UniqueIdentifier>
      <Extensions>cpp;c;cc;cxx;def;odl;idl;hpj;bat;asm;asmx</Extensions>
    </Filter>
    <Filter Include="头文件">
      <UniqueIdentifier>{93995380-89BD-4b04-88EB-625FBE52EBFB}</UniqueIdentifier>
      <Extensions>h;hpp;hxx;hm;inl;inc;xsd</Extensions>
    </Filter>
    <Filter Include="资源文件">
      <UniqueIdentifier>{67DA6AB6-F800-4c08-8B7A-83BB121AAD01}</UniqueIdentifier>
      <Extensions>rc;ico;cur;bmp;dlg;rc2;rct;bin;rgs;gif;jpg;jpeg;jpe;resx;tiff;tif;png;wav;mfcribbon-ms</Extensions>
    </Filter>
  </ItemGroup>
  <ItemGroup>
    <None Include="ReadMe.txt" />
    <None Include="res\ConfigTool.ico">
      <Filter>资源文件</Filter>
    </None>
    <None Include="res\ConfigTool.rc2">
      <Filter>资源文件</Filter>
    </None>
    <None Include="res\HUIYE300x93.bmp">
      <Filter>资源文件</Filter>
    </None>
    <None Include="res\Hymost.ico">
      <Filter>资源文件</Filter>
    </None>
  </ItemGroup>
  <ItemGroup>
    <ClInclude Include="stdafx.h">
      <Filter>头文件</Filter>
    </ClInclude>
    <ClInclude Include="targetver.h">
      <Filter>头文件</Filter>
    </ClInclude>
    <ClInclude Include="Resource.h">
      <Filter>头文件</Filter>
    </ClInclude>
    <ClInclude Include="MYWORK.h">
      <Filter>头文件</Filter>
    </ClInclude>
    <ClInclude Include="DEBUGLOG_Dlg.h">
      <Filter>头文件</Filter>
    </ClInclude>
    <ClInclude Include="ATCMD.h">
      <Filter>头文件</Filter>
    </ClInclude>
    <ClInclude Include="ComPortEx.h">
      <Filter>头文件</Filter>
    </ClInclude>
    <ClInclude Include="common.h">
      <Filter>头文件</Filter>
    </ClInclude>
    <ClInclude Include="ExcelOperate_DLL.h">
      <Filter>头文件</Filter>
    </ClInclude>
    <ClInclude Include="DevHound.h">
      <Filter>头文件</Filter>
    </ClInclude>
    <ClInclude Include="SCbsri_Dlg.h">
      <Filter>头文件</Filter>
    </ClInclude>
    <ClInclude Include="SCbsi_Dlg.h">
      <Filter>头文件</Filter>
    </ClInclude>
    <ClInclude Include="SCqss_Dlg.h">
      <Filter>头文件</Filter>
    </ClInclude>
    <ClInclude Include="DChrm_Dlg.h">
      <Filter>头文件</Filter>
    </ClInclude>
    <ClInclude Include="DCgc_Dlg.h">
      <Filter>头文件</Filter>
    </ClInclude>
    <ClInclude Include="DCowh_Dlg.h">
      <Filter>头文件</Filter>
    </ClInclude>
    <ClInclude Include="DCpcs_Dlg.h">
      <Filter>头文件</Filter>
    </ClInclude>
    <ClInclude Include="DCpsdls_Dlg.h">
      <Filter>头文件</Filter>
    </ClInclude>
    <ClInclude Include="DCspw_Dlg.h">
      <Filter>头文件</Filter>
    </ClInclude>
    <ClInclude Include="DCta_Dlg.h">
      <Filter>头文件</Filter>
    </ClInclude>
    <ClInclude Include="DCap_Dlg.h">
      <Filter>头文件</Filter>
    </ClInclude>
    <ClInclude Include="PRRfcofri_Dlg.h">
      <Filter>头文件</Filter>
    </ClInclude>
    <ClInclude Include="PRRfri_Dlg.h">
      <Filter>头文件</Filter>
    </ClInclude>
    <ClInclude Include="ASbad_Dlg.h">
      <Filter>头文件</Filter>
    </ClInclude>
    <ClInclude Include="AScd_Dlg.h">
      <Filter>头文件</Filter>
    </ClInclude>
    <ClInclude Include="ASeid_Dlg.h">
      <Filter>头文件</Filter>
    </ClInclude>
    <ClInclude Include="ASgc_Dlg.h">
      <Filter>头文件</Filter>
    </ClInclude>
    <ClInclude Include="AShbm_Dlg.h">
      <Filter>头文件</Filter>
    </ClInclude>
    <ClInclude Include="ASosa_Dlg.h">
      <Filter>头文件</Filter>
    </ClInclude>
    <ClInclude Include="ASpg_Dlg.h">
      <Filter>头文件</Filter>
    </ClInclude>
    <ClInclude Include="ASrdc_Dlg.h">
      <Filter>头文件</Filter>
    </ClInclude>
    <ClInclude Include="ASsa_Dlg.h">
      <Filter>头文件</Filter>
    </ClInclude>
    <ClInclude Include="ASsadr_Dlg.h">
      <Filter>头文件</Filter>
    </ClInclude>
    <ClInclude Include="ASser_Dlg.h">
      <Filter>头文件</Filter>
    </ClInclude>
    <ClInclude Include="ASsosa_Dlg.h">
      <Filter>头文件</Filter>
    </ClInclude>
    <ClInclude Include="ASssr_Dlg.h">
      <Filter>头文件</Filter>
    </ClInclude>
    <ClInclude Include="AStac_Dlg.h">
      <Filter>头文件</Filter>
    </ClInclude>
    <ClInclude Include="IAdips_Dlg.h">
      <Filter>头文件</Filter>
    </ClInclude>
    <ClInclude Include="IAdops_Dlg.h">
      <Filter>头文件</Filter>
    </ClInclude>
    <ClInclude Include="IAepsm_Dlg.h">
      <Filter>头文件</Filter>
    </ClInclude>
    <ClInclude Include="IAips_Dlg.h">
      <Filter>头文件</Filter>
    </ClInclude>
    <ClInclude Include="IDSavis_Dlg.h">
      <Filter>头文件</Filter>
    </ClInclude>
    <ClInclude Include="IDSidbvs_Dlg.h">
      <Filter>头文件</Filter>
    </ClInclude>
    <ClInclude Include="IDSvims_Dlg.h">
      <Filter>头文件</Filter>
    </ClInclude>
    <ClInclude Include="OScss_Dlg.h">
      <Filter>头文件</Filter>
    </ClInclude>
    <ClInclude Include="OSer_Dlg.h">
      <Filter>头文件</Filter>
    </ClInclude>
    <ClInclude Include="OSglsc_Dlg.h">
      <Filter>头文件</Filter>
    </ClInclude>
    <ClInclude Include="OSgs_Dlg.h">
      <Filter>头文件</Filter>
    </ClInclude>
    <ClInclude Include="OShmc_Dlg.h">
      <Filter>头文件</Filter>
    </ClInclude>
    <ClInclude Include="OSrto_Dlg.h">
      <Filter>头文件</Filter>
    </ClInclude>
    <ClInclude Include="OSucota_Dlg.h">
      <Filter>头文件</Filter>
    </ClInclude>
    <ClInclude Include="OSudf_Dlg.h">
      <Filter>头文件</Filter>
    </ClInclude>
    <ClInclude Include="OSwl_Dlg.h">
      <Filter>头文件</Filter>
    </ClInclude>
    <ClInclude Include="ConfigTool.h">
      <Filter>头文件</Filter>
    </ClInclude>
    <ClInclude Include="ConfigToolDlg.h">
      <Filter>头文件</Filter>
    </ClInclude>
    <ClInclude Include="PopMessage_Dlg.h">
      <Filter>头文件</Filter>
    </ClInclude>
    <ClInclude Include="TESTLIST_Dlg.h">
      <Filter>头文件</Filter>
    </ClInclude>
    <ClInclude Include="MyTabBaseDlg.h">
      <Filter>头文件</Filter>
    </ClInclude>
    <ClInclude Include="MyBaseSample.h">
      <Filter>头文件</Filter>
    </ClInclude>
    <ClInclude Include="ASrdc_Dlgnew.h">
      <Filter>头文件</Filter>
    </ClInclude>
    <ClInclude Include="ASrdc_Dlgone.h">
      <Filter>头文件</Filter>
    </ClInclude>
    <ClInclude Include="ASrdc_Dlgtwo.h">
      <Filter>头文件</Filter>
    </ClInclude>
  </ItemGroup>
  <ItemGroup>
    <ClCompile Include="stdafx.cpp">
      <Filter>源文件</Filter>
    </ClCompile>
    <ClCompile Include="MYWORK.cpp">
      <Filter>源文件</Filter>
    </ClCompile>
    <ClCompile Include="DEBUGLOG_Dlg.cpp">
      <Filter>源文件</Filter>
    </ClCompile>
    <ClCompile Include="ATCMD.cpp">
      <Filter>源文件</Filter>
    </ClCompile>
    <ClCompile Include="ComPortEx.cpp">
      <Filter>源文件</Filter>
    </ClCompile>
    <ClCompile Include="DevHound.cpp">
      <Filter>源文件</Filter>
    </ClCompile>
    <ClCompile Include="MdbControl.cpp">
      <Filter>源文件</Filter>
    </ClCompile>
    <ClCompile Include="SCbsri_Dlg.cpp">
      <Filter>源文件</Filter>
    </ClCompile>
    <ClCompile Include="SCbsi_Dlg.cpp">
      <Filter>源文件</Filter>
    </ClCompile>
    <ClCompile Include="SCqss_Dlg.cpp">
      <Filter>源文件</Filter>
    </ClCompile>
    <ClCompile Include="DChrm_Dlg.cpp">
      <Filter>源文件</Filter>
    </ClCompile>
    <ClCompile Include="DCgc_Dlg.cpp">
      <Filter>源文件</Filter>
    </ClCompile>
    <ClCompile Include="DCowh_Dlg.cpp">
      <Filter>源文件</Filter>
    </ClCompile>
    <ClCompile Include="DCpcs_Dlg.cpp">
      <Filter>源文件</Filter>
    </ClCompile>
    <ClCompile Include="DCpsdls_Dlg.cpp">
      <Filter>源文件</Filter>
    </ClCompile>
    <ClCompile Include="DCspw_Dlg.cpp">
      <Filter>源文件</Filter>
    </ClCompile>
    <ClCompile Include="DCta_Dlg.cpp">
      <Filter>源文件</Filter>
    </ClCompile>
    <ClCompile Include="DCap_Dlg.cpp">
      <Filter>源文件</Filter>
    </ClCompile>
    <ClCompile Include="PRRfcofri_Dlg.cpp">
      <Filter>源文件</Filter>
    </ClCompile>
    <ClCompile Include="PRRfri_Dlg.cpp">
      <Filter>源文件</Filter>
    </ClCompile>
    <ClCompile Include="ASbad_Dlg.cpp">
      <Filter>源文件</Filter>
    </ClCompile>
    <ClCompile Include="AScd_Dlg.cpp">
      <Filter>源文件</Filter>
    </ClCompile>
    <ClCompile Include="ASeid_Dlg.cpp">
      <Filter>源文件</Filter>
    </ClCompile>
    <ClCompile Include="ASgc_Dlg.cpp">
      <Filter>源文件</Filter>
    </ClCompile>
    <ClCompile Include="AShbm_Dlg.cpp">
      <Filter>源文件</Filter>
    </ClCompile>
    <ClCompile Include="ASosa_Dlg.cpp">
      <Filter>源文件</Filter>
    </ClCompile>
    <ClCompile Include="ASpg_Dlg.cpp">
      <Filter>源文件</Filter>
    </ClCompile>
    <ClCompile Include="ASrdc_Dlg.cpp">
      <Filter>源文件</Filter>
    </ClCompile>
    <ClCompile Include="ASsa_Dlg.cpp">
      <Filter>源文件</Filter>
    </ClCompile>
    <ClCompile Include="ASsadr_Dlg.cpp">
      <Filter>源文件</Filter>
    </ClCompile>
    <ClCompile Include="ASser_Dlg.cpp">
      <Filter>源文件</Filter>
    </ClCompile>
    <ClCompile Include="ASsosa_Dlg.cpp">
      <Filter>源文件</Filter>
    </ClCompile>
    <ClCompile Include="ASssr_Dlg.cpp">
      <Filter>源文件</Filter>
    </ClCompile>
    <ClCompile Include="AStac_Dlg.cpp">
      <Filter>源文件</Filter>
    </ClCompile>
    <ClCompile Include="IAdips_Dlg.cpp">
      <Filter>源文件</Filter>
    </ClCompile>
    <ClCompile Include="IAdops_Dlg.cpp">
      <Filter>源文件</Filter>
    </ClCompile>
    <ClCompile Include="IAepsm_Dlg.cpp">
      <Filter>源文件</Filter>
    </ClCompile>
    <ClCompile Include="IAips_Dlg.cpp">
      <Filter>源文件</Filter>
    </ClCompile>
    <ClCompile Include="IDSavis_Dlg.cpp">
      <Filter>源文件</Filter>
    </ClCompile>
    <ClCompile Include="IDSidbvs_Dlg.cpp">
      <Filter>源文件</Filter>
    </ClCompile>
    <ClCompile Include="IDSvims_Dlg.cpp">
      <Filter>源文件</Filter>
    </ClCompile>
    <ClCompile Include="OScss_Dlg.cpp">
      <Filter>源文件</Filter>
    </ClCompile>
    <ClCompile Include="OSer_Dlg.cpp">
      <Filter>源文件</Filter>
    </ClCompile>
    <ClCompile Include="OSglsc_Dlg.cpp">
      <Filter>源文件</Filter>
    </ClCompile>
    <ClCompile Include="OSgs_Dlg.cpp">
      <Filter>源文件</Filter>
    </ClCompile>
    <ClCompile Include="OShmc_Dlg.cpp">
      <Filter>源文件</Filter>
    </ClCompile>
    <ClCompile Include="OSrto_Dlg.cpp">
      <Filter>源文件</Filter>
    </ClCompile>
    <ClCompile Include="OSucota_Dlg.cpp">
      <Filter>源文件</Filter>
    </ClCompile>
    <ClCompile Include="OSudf_Dlg.cpp">
      <Filter>源文件</Filter>
    </ClCompile>
    <ClCompile Include="OSwl_Dlg.cpp">
      <Filter>源文件</Filter>
    </ClCompile>
    <ClCompile Include="ConfigTool.cpp">
      <Filter>源文件</Filter>
    </ClCompile>
    <ClCompile Include="ConfigToolDlg.cpp">
      <Filter>源文件</Filter>
    </ClCompile>
    <ClCompile Include="PopMessage_Dlg.cpp">
      <Filter>源文件</Filter>
    </ClCompile>
    <ClCompile Include="TESTLIST_Dlg.cpp">
      <Filter>源文件</Filter>
    </ClCompile>
    <ClCompile Include="MyTabBaseDlg.cpp">
      <Filter>源文件</Filter>
    </ClCompile>
    <ClCompile Include="MyBaseSample.cpp">
      <Filter>源文件</Filter>
    </ClCompile>
    <ClCompile Include="ASrdc_Dlgnew.cpp">
      <Filter>源文件</Filter>
    </ClCompile>
    <ClCompile Include="ASrdc_Dlgone.cpp">
      <Filter>源文件</Filter>
    </ClCompile>
    <ClCompile Include="ASrdc_Dlgtwo.cpp">
      <Filter>源文件</Filter>
    </ClCompile>
  </ItemGroup>
  <ItemGroup>
    <ResourceCompile Include="ConfigTool.rc">
      <Filter>资源文件</Filter>
    </ResourceCompile>
  </ItemGroup>
</Project>